// !$*UTF8*$!
{
	archiveVersion = 1;
	classes = {
	};
	objectVersion = 46;
	objects = {

/* Begin PBXBuildFile section */
		3DC42E961C2F936900037970 /* AppDelegate.swift in Sources */ = {isa = PBXBuildFile; fileRef = 3DC42E951C2F936900037970 /* AppDelegate.swift */; };
		3DC42E981C2F936900037970 /* ViewController.swift in Sources */ = {isa = PBXBuildFile; fileRef = 3DC42E971C2F936900037970 /* ViewController.swift */; };
		3DC42E9B1C2F936900037970 /* Main.storyboard in Resources */ = {isa = PBXBuildFile; fileRef = 3DC42E991C2F936900037970 /* Main.storyboard */; };
		3DC42E9D1C2F936900037970 /* Assets.xcassets in Resources */ = {isa = PBXBuildFile; fileRef = 3DC42E9C1C2F936900037970 /* Assets.xcassets */; };
		3DC42EA01C2F936900037970 /* LaunchScreen.storyboard in Resources */ = {isa = PBXBuildFile; fileRef = 3DC42E9E1C2F936900037970 /* LaunchScreen.storyboard */; };
		3DC42EAB1C2F936900037970 /* DigitalClockCloneTests.swift in Sources */ = {isa = PBXBuildFile; fileRef = 3DC42EAA1C2F936900037970 /* DigitalClockCloneTests.swift */; };
		3DC42EB61C2F936900037970 /* DigitalClockCloneUITests.swift in Sources */ = {isa = PBXBuildFile; fileRef = 3DC42EB51C2F936900037970 /* DigitalClockCloneUITests.swift */; };
/* End PBXBuildFile section */

/* Begin PBXContainerItemProxy section */
		3DC42EA71C2F936900037970 /* PBXContainerItemProxy */ = {
			isa = PBXContainerItemProxy;
			containerPortal = 3DC42E8A1C2F936900037970 /* Project object */;
			proxyType = 1;
			remoteGlobalIDString = 3DC42E911C2F936900037970;
			remoteInfo = DigitalClockClone;
		};
		3DC42EB21C2F936900037970 /* PBXContainerItemProxy */ = {
			isa = PBXContainerItemProxy;
			containerPortal = 3DC42E8A1C2F936900037970 /* Project object */;
			proxyType = 1;
			remoteGlobalIDString = 3DC42E911C2F936900037970;
			remoteInfo = DigitalClockClone;
		};
/* End PBXContainerItemProxy section */

/* Begin PBXFileReference section */
		3DC42E921C2F936900037970 /* DigitalClockClone.app */ = {isa = PBXFileReference; explicitFileType = wrapper.application; includeInIndex = 0; path = DigitalClockClone.app; sourceTree = BUILT_PRODUCTS_DIR; };
		3DC42E951C2F936900037970 /* AppDelegate.swift */ = {isa = PBXFileReference; lastKnownFileType = sourcecode.swift; path = AppDelegate.swift; sourceTree = "<group>"; };
		3DC42E971C2F936900037970 /* ViewController.swift */ = {isa = PBXFileReference; lastKnownFileType = sourcecode.swift; path = ViewController.swift; sourceTree = "<group>"; };
		3DC42E9A1C2F936900037970 /* Base */ = {isa = PBXFileReference; lastKnownFileType = file.storyboard; name = Base; path = Base.lproj/Main.storyboard; sourceTree = "<group>"; };
		3DC42E9C1C2F936900037970 /* Assets.xcassets */ = {isa = PBXFileReference; lastKnownFileType = folder.assetcatalog; path = Assets.xcassets; sourceTree = "<group>"; };
		3DC42E9F1C2F936900037970 /* Base */ = {isa = PBXFileReference; lastKnownFileType = file.storyboard; name = Base; path = Base.lproj/LaunchScreen.storyboard; sourceTree = "<group>"; };
		3DC42EA11C2F936900037970 /* Info.plist */ = {isa = PBXFileReference; lastKnownFileType = text.plist.xml; path = Info.plist; sourceTree = "<group>"; };
		3DC42EA61C2F936900037970 /* DigitalClockCloneTests.xctest */ = {isa = PBXFileReference; explicitFileType = wrapper.cfbundle; includeInIndex = 0; path = DigitalClockCloneTests.xctest; sourceTree = BUILT_PRODUCTS_DIR; };
		3DC42EAA1C2F936900037970 /* DigitalClockCloneTests.swift */ = {isa = PBXFileReference; lastKnownFileType = sourcecode.swift; path = DigitalClockCloneTests.swift; sourceTree = "<group>"; };
		3DC42EAC1C2F936900037970 /* Info.plist */ = {isa = PBXFileReference; lastKnownFileType = text.plist.xml; path = Info.plist; sourceTree = "<group>"; };
		3DC42EB11C2F936900037970 /* DigitalClockCloneUITests.xctest */ = {isa = PBXFileReference; explicitFileType = wrapper.cfbundle; includeInIndex = 0; path = DigitalClockCloneUITests.xctest; sourceTree = BUILT_PRODUCTS_DIR; };
		3DC42EB51C2F936900037970 /* DigitalClockCloneUITests.swift */ = {isa = PBXFileReference; lastKnownFileType = sourcecode.swift; path = DigitalClockCloneUITests.swift; sourceTree = "<group>"; };
		3DC42EB71C2F936900037970 /* Info.plist */ = {isa = PBXFileReference; lastKnownFileType = text.plist.xml; path = Info.plist; sourceTree = "<group>"; };
/* End PBXFileReference section */

/* Begin PBXFrameworksBuildPhase section */
		3DC42E8F1C2F936900037970 /* Frameworks */ = {
			isa = PBXFrameworksBuildPhase;
			buildActionMask = 2147483647;
			files = (
			);
			runOnlyForDeploymentPostprocessing = 0;
		};
		3DC42EA31C2F936900037970 /* Frameworks */ = {
			isa = PBXFrameworksBuildPhase;
			buildActionMask = 2147483647;
			files = (
			);
			runOnlyForDeploymentPostprocessing = 0;
		};
		3DC42EAE1C2F936900037970 /* Frameworks */ = {
			isa = PBXFrameworksBuildPhase;
			buildActionMask = 2147483647;
			files = (
			);
			runOnlyForDeploymentPostprocessing = 0;
		};
/* End PBXFrameworksBuildPhase section */

/* Begin PBXGroup section */
		3DC42E891C2F936900037970 = {
			isa = PBXGroup;
			children = (
				3DC42E941C2F936900037970 /* DigitalClockClone */,
				3DC42EA91C2F936900037970 /* DigitalClockCloneTests */,
				3DC42EB41C2F936900037970 /* DigitalClockCloneUITests */,
				3DC42E931C2F936900037970 /* Products */,
			);
			sourceTree = "<group>";
		};
		3DC42E931C2F936900037970 /* Products */ = {
			isa = PBXGroup;
			children = (
				3DC42E921C2F936900037970 /* DigitalClockClone.app */,
				3DC42EA61C2F936900037970 /* DigitalClockCloneTests.xctest */,
				3DC42EB11C2F936900037970 /* DigitalClockCloneUITests.xctest */,
			);
			name = Products;
			sourceTree = "<group>";
		};
		3DC42E941C2F936900037970 /* DigitalClockClone */ = {
			isa = PBXGroup;
			children = (
				3DC42E951C2F936900037970 /* AppDelegate.swift */,
				3DC42E971C2F936900037970 /* ViewController.swift */,
				3DC42E991C2F936900037970 /* Main.storyboard */,
				3DC42E9C1C2F936900037970 /* Assets.xcassets */,
				3DC42E9E1C2F936900037970 /* LaunchScreen.storyboard */,
				3DC42EA11C2F936900037970 /* Info.plist */,
			);
			path = DigitalClockClone;
			sourceTree = "<group>";
		};
		3DC42EA91C2F936900037970 /* DigitalClockCloneTests */ = {
			isa = PBXGroup;
			children = (
				3DC42EAA1C2F936900037970 /* DigitalClockCloneTests.swift */,
				3DC42EAC1C2F936900037970 /* Info.plist */,
			);
			path = DigitalClockCloneTests;
			sourceTree = "<group>";
		};
		3DC42EB41C2F936900037970 /* DigitalClockCloneUITests */ = {
			isa = PBXGroup;
			children = (
				3DC42EB51C2F936900037970 /* DigitalClockCloneUITests.swift */,
				3DC42EB71C2F936900037970 /* Info.plist */,
			);
			path = DigitalClockCloneUITests;
			sourceTree = "<group>";
		};
/* End PBXGroup section */

/* Begin PBXNativeTarget section */
		3DC42E911C2F936900037970 /* DigitalClockClone */ = {
			isa = PBXNativeTarget;
			buildConfigurationList = 3DC42EBA1C2F936900037970 /* Build configuration list for PBXNativeTarget "DigitalClockClone" */;
			buildPhases = (
				3DC42E8E1C2F936900037970 /* Sources */,
				3DC42E8F1C2F936900037970 /* Frameworks */,
				3DC42E901C2F936900037970 /* Resources */,
			);
			buildRules = (
			);
			dependencies = (
			);
			name = DigitalClockClone;
			productName = DigitalClockClone;
			productReference = 3DC42E921C2F936900037970 /* DigitalClockClone.app */;
			productType = "com.apple.product-type.application";
		};
		3DC42EA51C2F936900037970 /* DigitalClockCloneTests */ = {
			isa = PBXNativeTarget;
			buildConfigurationList = 3DC42EBD1C2F936900037970 /* Build configuration list for PBXNativeTarget "DigitalClockCloneTests" */;
			buildPhases = (
				3DC42EA21C2F936900037970 /* Sources */,
				3DC42EA31C2F936900037970 /* Frameworks */,
				3DC42EA41C2F936900037970 /* Resources */,
			);
			buildRules = (
			);
			dependencies = (
				3DC42EA81C2F936900037970 /* PBXTargetDependency */,
			);
			name = DigitalClockCloneTests;
			productName = DigitalClockCloneTests;
			productReference = 3DC42EA61C2F936900037970 /* DigitalClockCloneTests.xctest */;
			productType = "com.apple.product-type.bundle.unit-test";
		};
		3DC42EB01C2F936900037970 /* DigitalClockCloneUITests */ = {
			isa = PBXNativeTarget;
			buildConfigurationList = 3DC42EC01C2F936900037970 /* Build configuration list for PBXNativeTarget "DigitalClockCloneUITests" */;
			buildPhases = (
				3DC42EAD1C2F936900037970 /* Sources */,
				3DC42EAE1C2F936900037970 /* Frameworks */,
				3DC42EAF1C2F936900037970 /* Resources */,
			);
			buildRules = (
			);
			dependencies = (
				3DC42EB31C2F936900037970 /* PBXTargetDependency */,
			);
			name = DigitalClockCloneUITests;
			productName = DigitalClockCloneUITests;
			productReference = 3DC42EB11C2F936900037970 /* DigitalClockCloneUITests.xctest */;
			productType = "com.apple.product-type.bundle.ui-testing";
		};
/* End PBXNativeTarget section */

/* Begin PBXProject section */
		3DC42E8A1C2F936900037970 /* Project object */ = {
			isa = PBXProject;
			attributes = {
				LastSwiftUpdateCheck = 0720;
				LastUpgradeCheck = 0720;
				ORGANIZATIONNAME = "Cynthia Whitlatch";
				TargetAttributes = {
					3DC42E911C2F936900037970 = {
						CreatedOnToolsVersion = 7.2;
					};
					3DC42EA51C2F936900037970 = {
						CreatedOnToolsVersion = 7.2;
						TestTargetID = 3DC42E911C2F936900037970;
					};
					3DC42EB01C2F936900037970 = {
						CreatedOnToolsVersion = 7.2;
						TestTargetID = 3DC42E911C2F936900037970;
					};
				};
			};
			buildConfigurationList = 3DC42E8D1C2F936900037970 /* Build configuration list for PBXProject "DigitalClockClone" */;
			compatibilityVersion = "Xcode 3.2";
			developmentRegion = English;
			hasScannedForEncodings = 0;
			knownRegions = (
				en,
				Base,
			);
			mainGroup = 3DC42E891C2F936900037970;
			productRefGroup = 3DC42E931C2F936900037970 /* Products */;
			projectDirPath = "";
			projectRoot = "";
			targets = (
				3DC42E911C2F936900037970 /* DigitalClockClone */,
				3DC42EA51C2F936900037970 /* DigitalClockCloneTests */,
				3DC42EB01C2F936900037970 /* DigitalClockCloneUITests */,
			);
		};
/* End PBXProject section */

/* Begin PBXResourcesBuildPhase section */
		3DC42E901C2F936900037970 /* Resources */ = {
			isa = PBXResourcesBuildPhase;
			buildActionMask = 2147483647;
			files = (
				3DC42EA01C2F936900037970 /* LaunchScreen.storyboard in Resources */,
				3DC42E9D1C2F936900037970 /* Assets.xcassets in Resources */,
				3DC42E9B1C2F936900037970 /* Main.storyboard in Resources */,
			);
			runOnlyForDeploymentPostprocessing = 0;
		};
		3DC42EA41C2F936900037970 /* Resources */ = {
			isa = PBXResourcesBuildPhase;
			buildActionMask = 2147483647;
			files = (
			);
			runOnlyForDeploymentPostprocessing = 0;
		};
		3DC42EAF1C2F936900037970 /* Resources */ = {
			isa = PBXResourcesBuildPhase;
			buildActionMask = 2147483647;
			files = (
			);
			runOnlyForDeploymentPostprocessing = 0;
		};
/* End PBXResourcesBuildPhase section */

/* Begin PBXSourcesBuildPhase section */
		3DC42E8E1C2F936900037970 /* Sources */ = {
			isa = PBXSourcesBuildPhase;
			buildActionMask = 2147483647;
			files = (
				3DC42E981C2F936900037970 /* ViewController.swift in Sources */,
				3DC42E961C2F936900037970 /* AppDelegate.swift in Sources */,
			);
			runOnlyForDeploymentPostprocessing = 0;
		};
		3DC42EA21C2F936900037970 /* Sources */ = {
			isa = PBXSourcesBuildPhase;
			buildActionMask = 2147483647;
			files = (
				3DC42EAB1C2F936900037970 /* DigitalClockCloneTests.swift in Sources */,
			);
			runOnlyForDeploymentPostprocessing = 0;
		};
		3DC42EAD1C2F936900037970 /* Sources */ = {
			isa = PBXSourcesBuildPhase;
			buildActionMask = 2147483647;
			files = (
				3DC42EB61C2F936900037970 /* DigitalClockCloneUITests.swift in Sources */,
			);
			runOnlyForDeploymentPostprocessing = 0;
		};
/* End PBXSourcesBuildPhase section */

/* Begin PBXTargetDependency section */
		3DC42EA81C2F936900037970 /* PBXTargetDependency */ = {
			isa = PBXTargetDependency;
			target = 3DC42E911C2F936900037970 /* DigitalClockClone */;
			targetProxy = 3DC42EA71C2F936900037970 /* PBXContainerItemProxy */;
		};
		3DC42EB31C2F936900037970 /* PBXTargetDependency */ = {
			isa = PBXTargetDependency;
			target = 3DC42E911C2F936900037970 /* DigitalClockClone */;
			targetProxy = 3DC42EB21C2F936900037970 /* PBXContainerItemProxy */;
		};
/* End PBXTargetDependency section */

/* Begin PBXVariantGroup section */
		3DC42E991C2F936900037970 /* Main.storyboard */ = {
			isa = PBXVariantGroup;
			children = (
				3DC42E9A1C2F936900037970 /* Base */,
			);
			name = Main.storyboard;
			sourceTree = "<group>";
		};
		3DC42E9E1C2F936900037970 /* LaunchScreen.storyboard */ = {
			isa = PBXVariantGroup;
			children = (
				3DC42E9F1C2F936900037970 /* Base */,
			);
			name = LaunchScreen.storyboard;
			sourceTree = "<group>";
		};
/* End PBXVariantGroup section */

/* Begin XCBuildConfiguration section */
		3DC42EB81C2F936900037970 /* Debug */ = {
			isa = XCBuildConfiguration;
			buildSettings = {
				ALWAYS_SEARCH_USER_PATHS = NO;
				CLANG_CXX_LANGUAGE_STANDARD = "gnu++0x";
				CLANG_CXX_LIBRARY = "libc++";
				CLANG_ENABLE_MODULES = YES;
				CLANG_ENABLE_OBJC_ARC = YES;
				CLANG_WARN_BOOL_CONVERSION = YES;
				CLANG_WARN_CONSTANT_CONVERSION = YES;
				CLANG_WARN_DIRECT_OBJC_ISA_USAGE = YES_ERROR;
				CLANG_WARN_EMPTY_BODY = YES;
				CLANG_WARN_ENUM_CONVERSION = YES;
				CLANG_WARN_INT_CONVERSION = YES;
				CLANG_WARN_OBJC_ROOT_CLASS = YES_ERROR;
				CLANG_WARN_UNREACHABLE_CODE = YES;
				CLANG_WARN__DUPLICATE_METHOD_MATCH = YES;
				"CODE_SIGN_IDENTITY[sdk=iphoneos*]" = "iPhone Developer";
				COPY_PHASE_STRIP = NO;
				DEBUG_INFORMATION_FORMAT = dwarf;
				ENABLE_STRICT_OBJC_MSGSEND = YES;
				ENABLE_TESTABILITY = YES;
				GCC_C_LANGUAGE_STANDARD = gnu99;
				GCC_DYNAMIC_NO_PIC = NO;
				GCC_NO_COMMON_BLOCKS = YES;
				GCC_OPTIMIZATION_LEVEL = 0;
				GCC_PREPROCESSOR_DEFINITIONS = (
					"DEBUG=1",
					"$(inherited)",
				);
				GCC_WARN_64_TO_32_BIT_CONVERSION = YES;
				GCC_WARN_ABOUT_RETURN_TYPE = YES_ERROR;
				GCC_WARN_UNDECLARED_SELECTOR = YES;
				GCC_WARN_UNINITIALIZED_AUTOS = YES_AGGRESSIVE;
				GCC_WARN_UNUSED_FUNCTION = YES;
				GCC_WARN_UNUSED_VARIABLE = YES;
				IPHONEOS_DEPLOYMENT_TARGET = 9.2;
				MTL_ENABLE_DEBUG_INFO = YES;
				ONLY_ACTIVE_ARCH = YES;
				SDKROOT = iphoneos;
				SWIFT_OPTIMIZATION_LEVEL = "-Onone";
				TARGETED_DEVICE_FAMILY = "1,2";
			};
			name = Debug;
		};
		3DC42EB91C2F936900037970 /* Release */ = {
			isa = XCBuildConfiguration;
			buildSettings = {
				ALWAYS_SEARCH_USER_PATHS = NO;
				CLANG_CXX_LANGUAGE_STANDARD = "gnu++0x";
				CLANG_CXX_LIBRARY = "libc++";
				CLANG_ENABLE_MODULES = YES;
				CLANG_ENABLE_OBJC_ARC = YES;
				CLANG_WARN_BOOL_CONVERSION = YES;
				CLANG_WARN_CONSTANT_CONVERSION = YES;
				CLANG_WARN_DIRECT_OBJC_ISA_USAGE = YES_ERROR;
				CLANG_WARN_EMPTY_BODY = YES;
				CLANG_WARN_ENUM_CONVERSION = YES;
				CLANG_WARN_INT_CONVERSION = YES;
				CLANG_WARN_OBJC_ROOT_CLASS = YES_ERROR;
				CLANG_WARN_UNREACHABLE_CODE = YES;
				CLANG_WARN__DUPLICATE_METHOD_MATCH = YES;
				"CODE_SIGN_IDENTITY[sdk=iphoneos*]" = "iPhone Developer";
				COPY_PHASE_STRIP = NO;
				DEBUG_INFORMATION_FORMAT = "dwarf-with-dsym";
				ENABLE_NS_ASSERTIONS = NO;
				ENABLE_STRICT_OBJC_MSGSEND = YES;
				GCC_C_LANGUAGE_STANDARD = gnu99;
				GCC_NO_COMMON_BLOCKS = YES;
				GCC_WARN_64_TO_32_BIT_CONVERSION = YES;
				GCC_WARN_ABOUT_RETURN_TYPE = YES_ERROR;
				GCC_WARN_UNDECLARED_SELECTOR = YES;
				GCC_WARN_UNINITIALIZED_AUTOS = YES_AGGRESSIVE;
				GCC_WARN_UNUSED_FUNCTION = YES;
				GCC_WARN_UNUSED_VARIABLE = YES;
				IPHONEOS_DEPLOYMENT_TARGET = 9.2;
				MTL_ENABLE_DEBUG_INFO = NO;
				SDKROOT = iphoneos;
				TARGETED_DEVICE_FAMILY = "1,2";
				VALIDATE_PRODUCT = YES;
			};
			name = Release;
		};
		3DC42EBB1C2F936900037970 /* Debug */ = {
			isa = XCBuildConfiguration;
			buildSettings = {
				ASSETCATALOG_COMPILER_APPICON_NAME = AppIcon;
				INFOPLIST_FILE = DigitalClockClone/Info.plist;
				LD_RUNPATH_SEARCH_PATHS = "$(inherited) @executable_path/Frameworks";
				PRODUCT_BUNDLE_IDENTIFIER = com.cynthia.whitlatch.DigitalClockClone;
				PRODUCT_NAME = "$(TARGET_NAME)";
			};
			name = Debug;
		};
		3DC42EBC1C2F936900037970 /* Release */ = {
			isa = XCBuildConfiguration;
			buildSettings = {
				ASSETCATALOG_COMPILER_APPICON_NAME = AppIcon;
				INFOPLIST_FILE = DigitalClockClone/Info.plist;
				LD_RUNPATH_SEARCH_PATHS = "$(inherited) @executable_path/Frameworks";
				PRODUCT_BUNDLE_IDENTIFIER = com.cynthia.whitlatch.DigitalClockClone;
				PRODUCT_NAME = "$(TARGET_NAME)";
			};
			name = Release;
		};
		3DC42EBE1C2F936900037970 /* Debug */ = {
			isa = XCBuildConfiguration;
			buildSettings = {
				BUNDLE_LOADER = "$(TEST_HOST)";
				INFOPLIST_FILE = DigitalClockCloneTests/Info.plist;
				LD_RUNPATH_SEARCH_PATHS = "$(inherited) @executable_path/Frameworks @loader_path/Frameworks";
				PRODUCT_BUNDLE_IDENTIFIER = com.cynthia.whitlatch.DigitalClockCloneTests;
				PRODUCT_NAME = "$(TARGET_NAME)";
				TEST_HOST = "$(BUILT_PRODUCTS_DIR)/DigitalClockClone.app/DigitalClockClone";
			};
			name = Debug;
		};
		3DC42EBF1C2F936900037970 /* Release */ = {
			isa = XCBuildConfiguration;
			buildSettings = {
				BUNDLE_LOADER = "$(TEST_HOST)";
				INFOPLIST_FILE = DigitalClockCloneTests/Info.plist;
				LD_RUNPATH_SEARCH_PATHS = "$(inherited) @executable_path/Frameworks @loader_path/Frameworks";
				PRODUCT_BUNDLE_IDENTIFIER = com.cynthia.whitlatch.DigitalClockCloneTests;
				PRODUCT_NAME = "$(TARGET_NAME)";
				TEST_HOST = "$(BUILT_PRODUCTS_DIR)/DigitalClockClone.app/DigitalClockClone";
			};
			name = Release;
		};
		3DC42EC11C2F936900037970 /* Debug */ = {
			isa = XCBuildConfiguration;
			buildSettings = {
				INFOPLIST_FILE = DigitalClockCloneUITests/Info.plist;
				LD_RUNPATH_SEARCH_PATHS = "$(inherited) @executable_path/Frameworks @loader_path/Frameworks";
				PRODUCT_BUNDLE_IDENTIFIER = com.cynthia.whitlatch.DigitalClockCloneUITests;
				PRODUCT_NAME = "$(TARGET_NAME)";
				TEST_TARGET_NAME = DigitalClockClone;
				USES_XCTRUNNER = YES;
			};
			name = Debug;
		};
		3DC42EC21C2F936900037970 /* Release */ = {
			isa = XCBuildConfiguration;
			buildSettings = {
				INFOPLIST_FILE = DigitalClockCloneUITests/Info.plist;
				LD_RUNPATH_SEARCH_PATHS = "$(inherited) @executable_path/Frameworks @loader_path/Frameworks";
				PRODUCT_BUNDLE_IDENTIFIER = com.cynthia.whitlatch.DigitalClockCloneUITests;
				PRODUCT_NAME = "$(TARGET_NAME)";
				TEST_TARGET_NAME = DigitalClockClone;
				USES_XCTRUNNER = YES;
			};
			name = Release;
		};
/* End XCBuildConfiguration section */

/* Begin XCConfigurationList section */
		3DC42E8D1C2F936900037970 /* Build configuration list for PBXProject "DigitalClockClone" */ = {
			isa = XCConfigurationList;
			buildConfigurations = (
				3DC42EB81C2F936900037970 /* Debug */,
				3DC42EB91C2F936900037970 /* Release */,
			);
			defaultConfigurationIsVisible = 0;
			defaultConfigurationName = Release;
		};
		3DC42EBA1C2F936900037970 /* Build configuration list for PBXNativeTarget "DigitalClockClone" */ = {
			isa = XCConfigurationList;
			buildConfigurations = (
				3DC42EBB1C2F936900037970 /* Debug */,
				3DC42EBC1C2F936900037970 /* Release */,
			);
			defaultConfigurationIsVisible = 0;
		};
		3DC42EBD1C2F936900037970 /* Build configuration list for PBXNativeTarget "DigitalClockCloneTests" */ = {
			isa = XCConfigurationList;
			buildConfigurations = (
				3DC42EBE1C2F936900037970 /* Debug */,
				3DC42EBF1C2F936900037970 /* Release */,
			);
			defaultConfigurationIsVisible = 0;
		};
		3DC42EC01C2F936900037970 /* Build configuration list for PBXNativeTarget "DigitalClockCloneUITests" */ = {
			isa = XCConfigurationList;
			buildConfigurations = (
				3DC42EC11C2F936900037970 /* Debug */,
				3DC42EC21C2F936900037970 /* Release */,
			);
			defaultConfigurationIsVisible = 0;
		};
/* End XCConfigurationList section */
	};
	rootObject = 3DC42E8A1C2F936900037970 /* Project object */;
}
